
Microsoft Visual Studio Solution File, Format Version 12.00
# Visual Studio Version 16
VisualStudioVersion = 16.0.32106.194
MinimumVisualStudioVersion = 10.0.40219.1
Project("{FAE04EC0-301F-11D3-BF4B-00C04F79EFBC}") = "Prestamos", "Prestamos\Prestamos.csproj", "{711FA423-2B22-4E96-8FB7-D9662D6B2E54}"
EndProject
Project("{FAE04EC0-301F-11D3-BF4B-00C04F79EFBC}") = "Entidades", "Entidades\Entidades.csproj", "{C431B2F2-B326-4DA6-9B2A-2C60DC3FCBD2}"
EndProject
Project("{FAE04EC0-301F-11D3-BF4B-00C04F79EFBC}") = "ReglaNegocio", "ReglaNegocio\ReglaNegocio.csproj", "{AAA85B0E-2626-4D15-ABBC-4FDD6194BF26}"
EndProject
Global
	GlobalSection(SolutionConfigurationPlatforms) = preSolution
		Debug|Any CPU = Debug|Any CPU
		Release|Any CPU = Release|Any CPU
	EndGlobalSection
	GlobalSection(ProjectConfigurationPlatforms) = postSolution
		{711FA423-2B22-4E96-8FB7-D9662D6B2E54}.Debug|Any CPU.ActiveCfg = Debug|Any CPU
		{711FA423-2B22-4E96-8FB7-D9662D6B2E54}.Debug|Any CPU.Build.0 = Debug|Any CPU
		{711FA423-2B22-4E96-8FB7-D9662D6B2E54}.Release|Any CPU.ActiveCfg = Release|Any CPU
		{711FA423-2B22-4E96-8FB7-D9662D6B2E54}.Release|Any CPU.Build.0 = Release|Any CPU
		{C431B2F2-B326-4DA6-9B2A-2C60DC3FCBD2}.Debug|Any CPU.ActiveCfg = Debug|Any CPU
		{C431B2F2-B326-4DA6-9B2A-2C60DC3FCBD2}.Debug|Any CPU.Build.0 = Debug|Any CPU
		{C431B2F2-B326-4DA6-9B2A-2C60DC3FCBD2}.Release|Any CPU.ActiveCfg = Release|Any CPU
		{C431B2F2-B326-4DA6-9B2A-2C60DC3FCBD2}.Release|Any CPU.Build.0 = Release|Any CPU
		{AAA85B0E-2626-4D15-ABBC-4FDD6194BF26}.Debug|Any CPU.ActiveCfg = Debug|Any CPU
		{AAA85B0E-2626-4D15-ABBC-4FDD6194BF26}.Debug|Any CPU.Build.0 = Debug|Any CPU
		{AAA85B0E-2626-4D15-ABBC-4FDD6194BF26}.Release|Any CPU.ActiveCfg = Release|Any CPU
		{AAA85B0E-2626-4D15-ABBC-4FDD6194BF26}.Release|Any CPU.Build.0 = Release|Any CPU
	EndGlobalSection
	GlobalSection(SolutionProperties) = preSolution
		HideSolutionNode = FALSE
	EndGlobalSection
	GlobalSection(ExtensibilityGlobals) = postSolution
		SolutionGuid = {A3A10F37-11D7-457C-B1B9-D585AD23D949}
	EndGlobalSection
EndGlobal
